
Microsoft Visual Studio Solution File, Format Version 12.00
# Visual Studio 15
VisualStudioVersion = 15.0.27428.2002
MinimumVisualStudioVersion = 10.0.40219.1
Project("{FAE04EC0-301F-11D3-BF4B-00C04F79EFBC}") = "NugetSampleDebug", "NugetSampleDebug\NugetSampleDebug.csproj", "{63633C45-C260-4F34-8AE2-463F8434AB99}"
EndProject
Global
	GlobalSection(SolutionConfigurationPlatforms) = preSolution
		Debug|Any CPU = Debug|Any CPU
		Release|Any CPU = Release|Any CPU
	EndGlobalSection
	GlobalSection(ProjectConfigurationPlatforms) = postSolution
		{63633C45-C260-4F34-8AE2-463F8434AB99}.Debug|Any CPU.ActiveCfg = Debug|Any CPU
		{63633C45-C260-4F34-8AE2-463F8434AB99}.Debug|Any CPU.Build.0 = Debug|Any CPU
		{63633C45-C260-4F34-8AE2-463F8434AB99}.Release|Any CPU.ActiveCfg = Release|Any CPU
		{63633C45-C260-4F34-8AE2-463F8434AB99}.Release|Any CPU.Build.0 = Release|Any CPU
	EndGlobalSection
	GlobalSection(SolutionProperties) = preSolution
		HideSolutionNode = FALSE
	EndGlobalSection
	GlobalSection(ExtensibilityGlobals) = postSolution
		SolutionGuid = {BFCEB520-3A28-4BCB-98A8-6590944DCB29}
	EndGlobalSection
EndGlobal
